{
  "name": "auto-claude",
  "version": "2.7.2-beta.10",
  "lockfileVersion": 3,
  "requires": true,
  "packages": {
    "": {
      "name": "auto-claude",
      "version": "2.7.2-beta.10",
      "license": "AGPL-3.0",
      "engines": {
        "node": ">=24.0.0",
        "npm": ">=10.0.0"
      }
    }
  }
}
